{
  "pins" : [
    {
      "identity" : "concurrency",
      "kind" : "remoteSourceControl",
      "location" : "https://github.com/Leo-Lem/Concurrency",
      "state" : {
        "branch" : "main",
        "revision" : "4f219b937e2d1cd40fb4acf86f4a706351bbc1d6"
      }
    }
  ],
  "version" : 2
}
